
Microsoft Visual Studio Solution File, Format Version 12.00
# Visual Studio Version 17
VisualStudioVersion = 17.14.36518.9 d17.14
MinimumVisualStudioVersion = 10.0.40219.1
Project("{FAE04EC0-301F-11D3-BF4B-00C04F79EFBC}") = "WebApplication2", "WebApplication2.csproj", "{F58EA444-F5AA-4486-A36A-DD87DFC2B8E7}"
EndProject
Global
	GlobalSection(SolutionConfigurationPlatforms) = preSolution
		Debug|Any CPU = Debug|Any CPU
		Release|Any CPU = Release|Any CPU
	EndGlobalSection
	GlobalSection(ProjectConfigurationPlatforms) = postSolution
		{F58EA444-F5AA-4486-A36A-DD87DFC2B8E7}.Debug|Any CPU.ActiveCfg = Debug|Any CPU
		{F58EA444-F5AA-4486-A36A-DD87DFC2B8E7}.Debug|Any CPU.Build.0 = Debug|Any CPU
		{F58EA444-F5AA-4486-A36A-DD87DFC2B8E7}.Release|Any CPU.ActiveCfg = Release|Any CPU
		{F58EA444-F5AA-4486-A36A-DD87DFC2B8E7}.Release|Any CPU.Build.0 = Release|Any CPU
	EndGlobalSection
	GlobalSection(SolutionProperties) = preSolution
		HideSolutionNode = FALSE
	EndGlobalSection
	GlobalSection(ExtensibilityGlobals) = postSolution
		SolutionGuid = {A6C9DEEB-30C1-483C-B42A-3AC68F2CCF20}
	EndGlobalSection
EndGlobal
